// !$*UTF8*$!
{
	archiveVersion = 1;
	classes = {
	};
	objectVersion = 48;
	objects = {

/* Begin PBXBuildFile section */
		32C101401FF5F2A100D45A2B /* AppDelegate.m in Sources */ = {isa = PBXBuildFile; fileRef = 32C1013F1FF5F2A100D45A2B /* AppDelegate.m */; };
		32C101431FF5F2A100D45A2B /* ViewController.m in Sources */ = {isa = PBXBuildFile; fileRef = 32C101421FF5F2A100D45A2B /* ViewController.m */; };
		32C101461FF5F2A100D45A2B /* Main.storyboard in Resources */ = {isa = PBXBuildFile; fileRef = 32C101441FF5F2A100D45A2B /* Main.storyboard */; };
		32C101481FF5F2A100D45A2B /* Assets.xcassets in Resources */ = {isa = PBXBuildFile; fileRef = 32C101471FF5F2A100D45A2B /* Assets.xcassets */; };
		32C1014B1FF5F2A100D45A2B /* LaunchScreen.storyboard in Resources */ = {isa = PBXBuildFile; fileRef = 32C101491FF5F2A100D45A2B /* LaunchScreen.storyboard */; };
		32C1014E1FF5F2A100D45A2B /* main.m in Sources */ = {isa = PBXBuildFile; fileRef = 32C1014D1FF5F2A100D45A2B /* main.m */; };
		32C101581FF5F2A100D45A2B /* AddingParseSDKObjcTests.m in Sources */ = {isa = PBXBuildFile; fileRef = 32C101571FF5F2A100D45A2B /* AddingParseSDKObjcTests.m */; };
		32C101631FF5F2A100D45A2B /* AddingParseSDKObjcUITests.m in Sources */ = {isa = PBXBuildFile; fileRef = 32C101621FF5F2A100D45A2B /* AddingParseSDKObjcUITests.m */; };
		32EE9F6720803CAD00D68950 /* LoggedInViewController.m in Sources */ = {isa = PBXBuildFile; fileRef = 32EE9F6620803CAD00D68950 /* LoggedInViewController.m */; };
		65E5459E35F2B3F12177747F /* libPods-AddingParseSDKObjc.a in Frameworks */ = {isa = PBXBuildFile; fileRef = 20618F271A8B044712824CB5 /* libPods-AddingParseSDKObjc.a */; };
		7F9033383969F4C2C2AF9C14 /* libPods-AddingParseSDKObjcUITests.a in Frameworks */ = {isa = PBXBuildFile; fileRef = 019A720CE370338259472B91 /* libPods-AddingParseSDKObjcUITests.a */; };
		CFF0D62B0CCF74EA3C05B3CF /* libPods-AddingParseSDKObjcTests.a in Frameworks */ = {isa = PBXBuildFile; fileRef = E173B1BEF45FCF99FA9B3D1F /* libPods-AddingParseSDKObjcTests.a */; };
/* End PBXBuildFile section */

/* Begin PBXContainerItemProxy section */
		32C101541FF5F2A100D45A2B /* PBXContainerItemProxy */ = {
			isa = PBXContainerItemProxy;
			containerPortal = 32C101331FF5F2A100D45A2B /* Project object */;
			proxyType = 1;
			remoteGlobalIDString = 32C1013A1FF5F2A100D45A2B;
			remoteInfo = AddingParseSDKObjc;
		};
		32C1015F1FF5F2A100D45A2B /* PBXContainerItemProxy */ = {
			isa = PBXContainerItemProxy;
			containerPortal = 32C101331FF5F2A100D45A2B /* Project object */;
			proxyType = 1;
			remoteGlobalIDString = 32C1013A1FF5F2A100D45A2B;
			remoteInfo = AddingParseSDKObjc;
		};
/* End PBXContainerItemProxy section */

/* Begin PBXFileReference section */
		019A720CE370338259472B91 /* libPods-AddingParseSDKObjcUITests.a */ = {isa = PBXFileReference; explicitFileType = archive.ar; includeInIndex = 0; path = "libPods-AddingParseSDKObjcUITests.a"; sourceTree = BUILT_PRODUCTS_DIR; };
		20618F271A8B044712824CB5 /* libPods-AddingParseSDKObjc.a */ = {isa = PBXFileReference; explicitFileType = archive.ar; includeInIndex = 0; path = "libPods-AddingParseSDKObjc.a"; sourceTree = BUILT_PRODUCTS_DIR; };
		219C1534E665D0F84A7B6615 /* Pods-AddingParseSDKObjc.release.xcconfig */ = {isa = PBXFileReference; includeInIndex = 1; lastKnownFileType = text.xcconfig; name = "Pods-AddingParseSDKObjc.release.xcconfig"; path = "Pods/Target Support Files/Pods-AddingParseSDKObjc/Pods-AddingParseSDKObjc.release.xcconfig"; sourceTree = "<group>"; };
		21EA986E28CA4AF2AAE68DB3 /* Pods-AddingParseSDKObjcUITests.release.xcconfig */ = {isa = PBXFileReference; includeInIndex = 1; lastKnownFileType = text.xcconfig; name = "Pods-AddingParseSDKObjcUITests.release.xcconfig"; path = "Pods/Target Support Files/Pods-AddingParseSDKObjcUITests/Pods-AddingParseSDKObjcUITests.release.xcconfig"; sourceTree = "<group>"; };
		2D003A8D44A4C3CE104B6C37 /* Pods-AddingParseSDKObjcTests.release.xcconfig */ = {isa = PBXFileReference; includeInIndex = 1; lastKnownFileType = text.xcconfig; name = "Pods-AddingParseSDKObjcTests.release.xcconfig"; path = "Pods/Target Support Files/Pods-AddingParseSDKObjcTests/Pods-AddingParseSDKObjcTests.release.xcconfig"; sourceTree = "<group>"; };
		328DBB2C203D37C500D086E0 /* AddingParseSDKObjc.entitlements */ = {isa = PBXFileReference; lastKnownFileType = text.plist.entitlements; path = AddingParseSDKObjc.entitlements; sourceTree = "<group>"; };
		32C1013B1FF5F2A100D45A2B /* AddingParseSDKObjc.app */ = {isa = PBXFileReference; explicitFileType = wrapper.application; includeInIndex = 0; path = AddingParseSDKObjc.app; sourceTree = BUILT_PRODUCTS_DIR; };
		32C1013E1FF5F2A100D45A2B /* AppDelegate.h */ = {isa = PBXFileReference; lastKnownFileType = sourcecode.c.h; path = AppDelegate.h; sourceTree = "<group>"; };
		32C1013F1FF5F2A100D45A2B /* AppDelegate.m */ = {isa = PBXFileReference; lastKnownFileType = sourcecode.c.objc; path = AppDelegate.m; sourceTree = "<group>"; };
		32C101411FF5F2A100D45A2B /* ViewController.h */ = {isa = PBXFileReference; lastKnownFileType = sourcecode.c.h; path = ViewController.h; sourceTree = "<group>"; };
		32C101421FF5F2A100D45A2B /* ViewController.m */ = {isa = PBXFileReference; lastKnownFileType = sourcecode.c.objc; path = ViewController.m; sourceTree = "<group>"; };
		32C101451FF5F2A100D45A2B /* Base */ = {isa = PBXFileReference; lastKnownFileType = file.storyboard; name = Base; path = Base.lproj/Main.storyboard; sourceTree = "<group>"; };
		32C101471FF5F2A100D45A2B /* Assets.xcassets */ = {isa = PBXFileReference; lastKnownFileType = folder.assetcatalog; path = Assets.xcassets; sourceTree = "<group>"; };
		32C1014A1FF5F2A100D45A2B /* Base */ = {isa = PBXFileReference; lastKnownFileType = file.storyboard; name = Base; path = Base.lproj/LaunchScreen.storyboard; sourceTree = "<group>"; };
		32C1014C1FF5F2A100D45A2B /* Info.plist */ = {isa = PBXFileReference; lastKnownFileType = text.plist.xml; path = Info.plist; sourceTree = "<group>"; };
		32C1014D1FF5F2A100D45A2B /* main.m */ = {isa = PBXFileReference; lastKnownFileType = sourcecode.c.objc; path = main.m; sourceTree = "<group>"; };
		32C101531FF5F2A100D45A2B /* AddingParseSDKObjcTests.xctest */ = {isa = PBXFileReference; explicitFileType = wrapper.cfbundle; includeInIndex = 0; path = AddingParseSDKObjcTests.xctest; sourceTree = BUILT_PRODUCTS_DIR; };
		32C101571FF5F2A100D45A2B /* AddingParseSDKObjcTests.m */ = {isa = PBXFileReference; lastKnownFileType = sourcecode.c.objc; path = AddingParseSDKObjcTests.m; sourceTree = "<group>"; };
		32C101591FF5F2A100D45A2B /* Info.plist */ = {isa = PBXFileReference; lastKnownFileType = text.plist.xml; path = Info.plist; sourceTree = "<group>"; };
		32C1015E1FF5F2A100D45A2B /* AddingParseSDKObjcUITests.xctest */ = {isa = PBXFileReference; explicitFileType = wrapper.cfbundle; includeInIndex = 0; path = AddingParseSDKObjcUITests.xctest; sourceTree = BUILT_PRODUCTS_DIR; };
		32C101621FF5F2A100D45A2B /* AddingParseSDKObjcUITests.m */ = {isa = PBXFileReference; lastKnownFileType = sourcecode.c.objc; path = AddingParseSDKObjcUITests.m; sourceTree = "<group>"; };
		32C101641FF5F2A100D45A2B /* Info.plist */ = {isa = PBXFileReference; lastKnownFileType = text.plist.xml; path = Info.plist; sourceTree = "<group>"; };
		32EE9F6520803CAD00D68950 /* LoggedInViewController.h */ = {isa = PBXFileReference; lastKnownFileType = sourcecode.c.h; path = LoggedInViewController.h; sourceTree = "<group>"; };
		32EE9F6620803CAD00D68950 /* LoggedInViewController.m */ = {isa = PBXFileReference; lastKnownFileType = sourcecode.c.objc; path = LoggedInViewController.m; sourceTree = "<group>"; };
		D7C3C2F5C7EF048207120807 /* Pods-AddingParseSDKObjc.debug.xcconfig */ = {isa = PBXFileReference; includeInIndex = 1; lastKnownFileType = text.xcconfig; name = "Pods-AddingParseSDKObjc.debug.xcconfig"; path = "Pods/Target Support Files/Pods-AddingParseSDKObjc/Pods-AddingParseSDKObjc.debug.xcconfig"; sourceTree = "<group>"; };
		E057B60DFECABD6717C08B68 /* Pods-AddingParseSDKObjcUITests.debug.xcconfig */ = {isa = PBXFileReference; includeInIndex = 1; lastKnownFileType = text.xcconfig; name = "Pods-AddingParseSDKObjcUITests.debug.xcconfig"; path = "Pods/Target Support Files/Pods-AddingParseSDKObjcUITests/Pods-AddingParseSDKObjcUITests.debug.xcconfig"; sourceTree = "<group>"; };
		E173B1BEF45FCF99FA9B3D1F /* libPods-AddingParseSDKObjcTests.a */ = {isa = PBXFileReference; explicitFileType = archive.ar; includeInIndex = 0; path = "libPods-AddingParseSDKObjcTests.a"; sourceTree = BUILT_PRODUCTS_DIR; };
		E705DCC22B8EA7E90DAA9B57 /* Pods-AddingParseSDKObjcTests.debug.xcconfig */ = {isa = PBXFileReference; includeInIndex = 1; lastKnownFileType = text.xcconfig; name = "Pods-AddingParseSDKObjcTests.debug.xcconfig"; path = "Pods/Target Support Files/Pods-AddingParseSDKObjcTests/Pods-AddingParseSDKObjcTests.debug.xcconfig"; sourceTree = "<group>"; };
/* End PBXFileReference section */

/* Begin PBXFrameworksBuildPhase section */
		32C101381FF5F2A100D45A2B /* Frameworks */ = {
			isa = PBXFrameworksBuildPhase;
			buildActionMask = 2147483647;
			files = (
				65E5459E35F2B3F12177747F /* libPods-AddingParseSDKObjc.a in Frameworks */,
			);
			runOnlyForDeploymentPostprocessing = 0;
		};
		32C101501FF5F2A100D45A2B /* Frameworks */ = {
			isa = PBXFrameworksBuildPhase;
			buildActionMask = 2147483647;
			files = (
				CFF0D62B0CCF74EA3C05B3CF /* libPods-AddingParseSDKObjcTests.a in Frameworks */,
			);
			runOnlyForDeploymentPostprocessing = 0;
		};
		32C1015B1FF5F2A100D45A2B /* Frameworks */ = {
			isa = PBXFrameworksBuildPhase;
			buildActionMask = 2147483647;
			files = (
				7F9033383969F4C2C2AF9C14 /* libPods-AddingParseSDKObjcUITests.a in Frameworks */,
			);
			runOnlyForDeploymentPostprocessing = 0;
		};
/* End PBXFrameworksBuildPhase section */

/* Begin PBXGroup section */
		18128D9A1028432F24AC8127 /* Frameworks */ = {
			isa = PBXGroup;
			children = (
				20618F271A8B044712824CB5 /* libPods-AddingParseSDKObjc.a */,
				E173B1BEF45FCF99FA9B3D1F /* libPods-AddingParseSDKObjcTests.a */,
				019A720CE370338259472B91 /* libPods-AddingParseSDKObjcUITests.a */,
			);
			name = Frameworks;
			sourceTree = "<group>";
		};
		2195B0194A198419EA44FF3F /* Pods */ = {
			isa = PBXGroup;
			children = (
				D7C3C2F5C7EF048207120807 /* Pods-AddingParseSDKObjc.debug.xcconfig */,
				219C1534E665D0F84A7B6615 /* Pods-AddingParseSDKObjc.release.xcconfig */,
				E705DCC22B8EA7E90DAA9B57 /* Pods-AddingParseSDKObjcTests.debug.xcconfig */,
				2D003A8D44A4C3CE104B6C37 /* Pods-AddingParseSDKObjcTests.release.xcconfig */,
				E057B60DFECABD6717C08B68 /* Pods-AddingParseSDKObjcUITests.debug.xcconfig */,
				21EA986E28CA4AF2AAE68DB3 /* Pods-AddingParseSDKObjcUITests.release.xcconfig */,
			);
			name = Pods;
			sourceTree = "<group>";
		};
		32C101321FF5F2A100D45A2B = {
			isa = PBXGroup;
			children = (
				32C1013D1FF5F2A100D45A2B /* AddingParseSDKObjc */,
				32C101561FF5F2A100D45A2B /* AddingParseSDKObjcTests */,
				32C101611FF5F2A100D45A2B /* AddingParseSDKObjcUITests */,
				32C1013C1FF5F2A100D45A2B /* Products */,
				2195B0194A198419EA44FF3F /* Pods */,
				18128D9A1028432F24AC8127 /* Frameworks */,
			);
			sourceTree = "<group>";
		};
		32C1013C1FF5F2A100D45A2B /* Products */ = {
			isa = PBXGroup;
			children = (
				32C1013B1FF5F2A100D45A2B /* AddingParseSDKObjc.app */,
				32C101531FF5F2A100D45A2B /* AddingParseSDKObjcTests.xctest */,
				32C1015E1FF5F2A100D45A2B /* AddingParseSDKObjcUITests.xctest */,
			);
			name = Products;
			sourceTree = "<group>";
		};
		32C1013D1FF5F2A100D45A2B /* AddingParseSDKObjc */ = {
			isa = PBXGroup;
			children = (
				328DBB2C203D37C500D086E0 /* AddingParseSDKObjc.entitlements */,
				32C1013E1FF5F2A100D45A2B /* AppDelegate.h */,
				32C1013F1FF5F2A100D45A2B /* AppDelegate.m */,
				32C101411FF5F2A100D45A2B /* ViewController.h */,
				32C101421FF5F2A100D45A2B /* ViewController.m */,
				32EE9F6520803CAD00D68950 /* LoggedInViewController.h */,
				32EE9F6620803CAD00D68950 /* LoggedInViewController.m */,
				32C101441FF5F2A100D45A2B /* Main.storyboard */,
				32C101471FF5F2A100D45A2B /* Assets.xcassets */,
				32C101491FF5F2A100D45A2B /* LaunchScreen.storyboard */,
				32C1014C1FF5F2A100D45A2B /* Info.plist */,
				32C1014D1FF5F2A100D45A2B /* main.m */,
			);
			path = AddingParseSDKObjc;
			sourceTree = "<group>";
		};
		32C101561FF5F2A100D45A2B /* AddingParseSDKObjcTests */ = {
			isa = PBXGroup;
			children = (
				32C101571FF5F2A100D45A2B /* AddingParseSDKObjcTests.m */,
				32C101591FF5F2A100D45A2B /* Info.plist */,
			);
			path = AddingParseSDKObjcTests;
			sourceTree = "<group>";
		};
		32C101611FF5F2A100D45A2B /* AddingParseSDKObjcUITests */ = {
			isa = PBXGroup;
			children = (
				32C101621FF5F2A100D45A2B /* AddingParseSDKObjcUITests.m */,
				32C101641FF5F2A100D45A2B /* Info.plist */,
			);
			path = AddingParseSDKObjcUITests;
			sourceTree = "<group>";
		};
/* End PBXGroup section */

/* Begin PBXNativeTarget section */
		32C1013A1FF5F2A100D45A2B /* AddingParseSDKObjc */ = {
			isa = PBXNativeTarget;
			buildConfigurationList = 32C101671FF5F2A100D45A2B /* Build configuration list for PBXNativeTarget "AddingParseSDKObjc" */;
			buildPhases = (
				9B235DEC7823B571DDBABBE2 /* [CP] Check Pods Manifest.lock */,
				32C101371FF5F2A100D45A2B /* Sources */,
				32C101381FF5F2A100D45A2B /* Frameworks */,
				32C101391FF5F2A100D45A2B /* Resources */,
				E769FC5C0411388020F39B0F /* [CP] Embed Pods Frameworks */,
				894DCC8B1A0DBF7D2A5595F2 /* [CP] Copy Pods Resources */,
			);
			buildRules = (
			);
			dependencies = (
			);
			name = AddingParseSDKObjc;
			productName = AddingParseSDKObjc;
			productReference = 32C1013B1FF5F2A100D45A2B /* AddingParseSDKObjc.app */;
			productType = "com.apple.product-type.application";
		};
		32C101521FF5F2A100D45A2B /* AddingParseSDKObjcTests */ = {
			isa = PBXNativeTarget;
			buildConfigurationList = 32C1016A1FF5F2A100D45A2B /* Build configuration list for PBXNativeTarget "AddingParseSDKObjcTests" */;
			buildPhases = (
				EF4D94681ECCBC3ACF8BA301 /* [CP] Check Pods Manifest.lock */,
				32C1014F1FF5F2A100D45A2B /* Sources */,
				32C101501FF5F2A100D45A2B /* Frameworks */,
				32C101511FF5F2A100D45A2B /* Resources */,
				C964469A7B09DF1363AD06D2 /* [CP] Embed Pods Frameworks */,
				DF623C49F5C7CE9D9C41C2F0 /* [CP] Copy Pods Resources */,
			);
			buildRules = (
			);
			dependencies = (
				32C101551FF5F2A100D45A2B /* PBXTargetDependency */,
			);
			name = AddingParseSDKObjcTests;
			productName = AddingParseSDKObjcTests;
			productReference = 32C101531FF5F2A100D45A2B /* AddingParseSDKObjcTests.xctest */;
			productType = "com.apple.product-type.bundle.unit-test";
		};
		32C1015D1FF5F2A100D45A2B /* AddingParseSDKObjcUITests */ = {
			isa = PBXNativeTarget;
			buildConfigurationList = 32C1016D1FF5F2A100D45A2B /* Build configuration list for PBXNativeTarget "AddingParseSDKObjcUITests" */;
			buildPhases = (
				107F8CD211578607399D09E6 /* [CP] Check Pods Manifest.lock */,
				32C1015A1FF5F2A100D45A2B /* Sources */,
				32C1015B1FF5F2A100D45A2B /* Frameworks */,
				32C1015C1FF5F2A100D45A2B /* Resources */,
				2934CD7279BF93A994CB10FA /* [CP] Embed Pods Frameworks */,
				A8E34A1438622DE3B7C383AC /* [CP] Copy Pods Resources */,
			);
			buildRules = (
			);
			dependencies = (
				32C101601FF5F2A100D45A2B /* PBXTargetDependency */,
			);
			name = AddingParseSDKObjcUITests;
			productName = AddingParseSDKObjcUITests;
			productReference = 32C1015E1FF5F2A100D45A2B /* AddingParseSDKObjcUITests.xctest */;
			productType = "com.apple.product-type.bundle.ui-testing";
		};
/* End PBXNativeTarget section */

/* Begin PBXProject section */
		32C101331FF5F2A100D45A2B /* Project object */ = {
			isa = PBXProject;
			attributes = {
				LastUpgradeCheck = 0930;
				ORGANIZATIONNAME = Back4App;
				TargetAttributes = {
					32C1013A1FF5F2A100D45A2B = {
						CreatedOnToolsVersion = 9.1;
						ProvisioningStyle = Automatic;
						SystemCapabilities = {
							com.apple.Push = {
								enabled = 1;
							};
						};
					};
					32C101521FF5F2A100D45A2B = {
						CreatedOnToolsVersion = 9.1;
						ProvisioningStyle = Automatic;
						TestTargetID = 32C1013A1FF5F2A100D45A2B;
					};
					32C1015D1FF5F2A100D45A2B = {
						CreatedOnToolsVersion = 9.1;
						ProvisioningStyle = Automatic;
						TestTargetID = 32C1013A1FF5F2A100D45A2B;
					};
				};
			};
			buildConfigurationList = 32C101361FF5F2A100D45A2B /* Build configuration list for PBXProject "AddingParseSDKObjc" */;
			compatibilityVersion = "Xcode 8.0";
			developmentRegion = en;
			hasScannedForEncodings = 0;
			knownRegions = (
				en,
				Base,
			);
			mainGroup = 32C101321FF5F2A100D45A2B;
			productRefGroup = 32C1013C1FF5F2A100D45A2B /* Products */;
			projectDirPath = "";
			projectRoot = "";
			targets = (
				32C1013A1FF5F2A100D45A2B /* AddingParseSDKObjc */,
				32C101521FF5F2A100D45A2B /* AddingParseSDKObjcTests */,
				32C1015D1FF5F2A100D45A2B /* AddingParseSDKObjcUITests */,
			);
		};
/* End PBXProject section */

/* Begin PBXResourcesBuildPhase section */
		32C101391FF5F2A100D45A2B /* Resources */ = {
			isa = PBXResourcesBuildPhase;
			buildActionMask = 2147483647;
			files = (
				32C1014B1FF5F2A100D45A2B /* LaunchScreen.storyboard in Resources */,
				32C101481FF5F2A100D45A2B /* Assets.xcassets in Resources */,
				32C101461FF5F2A100D45A2B /* Main.storyboard in Resources */,
			);
			runOnlyForDeploymentPostprocessing = 0;
		};
		32C101511FF5F2A100D45A2B /* Resources */ = {
			isa = PBXResourcesBuildPhase;
			buildActionMask = 2147483647;
			files = (
			);
			runOnlyForDeploymentPostprocessing = 0;
		};
		32C1015C1FF5F2A100D45A2B /* Resources */ = {
			isa = PBXResourcesBuildPhase;
			buildActionMask = 2147483647;
			files = (
			);
			runOnlyForDeploymentPostprocessing = 0;
		};
/* End PBXResourcesBuildPhase section */

/* Begin PBXShellScriptBuildPhase section */
		107F8CD211578607399D09E6 /* [CP] Check Pods Manifest.lock */ = {
			isa = PBXShellScriptBuildPhase;
			buildActionMask = 2147483647;
			files = (
			);
			inputPaths = (
				"${PODS_PODFILE_DIR_PATH}/Podfile.lock",
				"${PODS_ROOT}/Manifest.lock",
			);
			name = "[CP] Check Pods Manifest.lock";
			outputPaths = (
				"$(DERIVED_FILE_DIR)/Pods-AddingParseSDKObjcUITests-checkManifestLockResult.txt",
			);
			runOnlyForDeploymentPostprocessing = 0;
			shellPath = /bin/sh;
			shellScript = "diff \"${PODS_PODFILE_DIR_PATH}/Podfile.lock\" \"${PODS_ROOT}/Manifest.lock\" > /dev/null\nif [ $? != 0 ] ; then\n    # print error to STDERR\n    echo \"error: The sandbox is not in sync with the Podfile.lock. Run 'pod install' or update your CocoaPods installation.\" >&2\n    exit 1\nfi\n# This output is used by Xcode 'outputs' to avoid re-running this script phase.\necho \"SUCCESS\" > \"${SCRIPT_OUTPUT_FILE_0}\"\n";
			showEnvVarsInLog = 0;
		};
		2934CD7279BF93A994CB10FA /* [CP] Embed Pods Frameworks */ = {
			isa = PBXShellScriptBuildPhase;
			buildActionMask = 2147483647;
			files = (
			);
			inputPaths = (
			);
			name = "[CP] Embed Pods Frameworks";
			outputPaths = (
			);
			runOnlyForDeploymentPostprocessing = 0;
			shellPath = /bin/sh;
			shellScript = "\"${SRCROOT}/Pods/Target Support Files/Pods-AddingParseSDKObjcUITests/Pods-AddingParseSDKObjcUITests-frameworks.sh\"\n";
			showEnvVarsInLog = 0;
		};
		894DCC8B1A0DBF7D2A5595F2 /* [CP] Copy Pods Resources */ = {
			isa = PBXShellScriptBuildPhase;
			buildActionMask = 2147483647;
			files = (
			);
			inputPaths = (
				"${SRCROOT}/Pods/Target Support Files/Pods-AddingParseSDKObjc/Pods-AddingParseSDKObjc-resources.sh",
				"${PODS_CONFIGURATION_BUILD_DIR}/Parse/Parse.bundle",
			);
			name = "[CP] Copy Pods Resources";
			outputPaths = (
				"${TARGET_BUILD_DIR}/${UNLOCALIZED_RESOURCES_FOLDER_PATH}/Parse.bundle",
			);
			runOnlyForDeploymentPostprocessing = 0;
			shellPath = /bin/sh;
			shellScript = "\"${SRCROOT}/Pods/Target Support Files/Pods-AddingParseSDKObjc/Pods-AddingParseSDKObjc-resources.sh\"\n";
			showEnvVarsInLog = 0;
		};
		9B235DEC7823B571DDBABBE2 /* [CP] Check Pods Manifest.lock */ = {
			isa = PBXShellScriptBuildPhase;
			buildActionMask = 2147483647;
			files = (
			);
			inputPaths = (
				"${PODS_PODFILE_DIR_PATH}/Podfile.lock",
				"${PODS_ROOT}/Manifest.lock",
			);
			name = "[CP] Check Pods Manifest.lock";
			outputPaths = (
				"$(DERIVED_FILE_DIR)/Pods-AddingParseSDKObjc-checkManifestLockResult.txt",
			);
			runOnlyForDeploymentPostprocessing = 0;
			shellPath = /bin/sh;
			shellScript = "diff \"${PODS_PODFILE_DIR_PATH}/Podfile.lock\" \"${PODS_ROOT}/Manifest.lock\" > /dev/null\nif [ $? != 0 ] ; then\n    # print error to STDERR\n    echo \"error: The sandbox is not in sync with the Podfile.lock. Run 'pod install' or update your CocoaPods installation.\" >&2\n    exit 1\nfi\n# This output is used by Xcode 'outputs' to avoid re-running this script phase.\necho \"SUCCESS\" > \"${SCRIPT_OUTPUT_FILE_0}\"\n";
			showEnvVarsInLog = 0;
		};
		A8E34A1438622DE3B7C383AC /* [CP] Copy Pods Resources */ = {
			isa = PBXShellScriptBuildPhase;
			buildActionMask = 2147483647;
			files = (
			);
			inputPaths = (
				"${SRCROOT}/Pods/Target Support Files/Pods-AddingParseSDKObjcUITests/Pods-AddingParseSDKObjcUITests-resources.sh",
				"${PODS_CONFIGURATION_BUILD_DIR}/Parse/Parse.bundle",
			);
			name = "[CP] Copy Pods Resources";
			outputPaths = (
				"${TARGET_BUILD_DIR}/${UNLOCALIZED_RESOURCES_FOLDER_PATH}/Parse.bundle",
			);
			runOnlyForDeploymentPostprocessing = 0;
			shellPath = /bin/sh;
			shellScript = "\"${SRCROOT}/Pods/Target Support Files/Pods-AddingParseSDKObjcUITests/Pods-AddingParseSDKObjcUITests-resources.sh\"\n";
			showEnvVarsInLog = 0;
		};
		C964469A7B09DF1363AD06D2 /* [CP] Embed Pods Frameworks */ = {
			isa = PBXShellScriptBuildPhase;
			buildActionMask = 2147483647;
			files = (
			);
			inputPaths = (
			);
			name = "[CP] Embed Pods Frameworks";
			outputPaths = (
			);
			runOnlyForDeploymentPostprocessing = 0;
			shellPath = /bin/sh;
			shellScript = "\"${SRCROOT}/Pods/Target Support Files/Pods-AddingParseSDKObjcTests/Pods-AddingParseSDKObjcTests-frameworks.sh\"\n";
			showEnvVarsInLog = 0;
		};
		DF623C49F5C7CE9D9C41C2F0 /* [CP] Copy Pods Resources */ = {
			isa = PBXShellScriptBuildPhase;
			buildActionMask = 2147483647;
			files = (
			);
			inputPaths = (
				"${SRCROOT}/Pods/Target Support Files/Pods-AddingParseSDKObjcTests/Pods-AddingParseSDKObjcTests-resources.sh",
				"${PODS_CONFIGURATION_BUILD_DIR}/Parse/Parse.bundle",
			);
			name = "[CP] Copy Pods Resources";
			outputPaths = (
				"${TARGET_BUILD_DIR}/${UNLOCALIZED_RESOURCES_FOLDER_PATH}/Parse.bundle",
			);
			runOnlyForDeploymentPostprocessing = 0;
			shellPath = /bin/sh;
			shellScript = "\"${SRCROOT}/Pods/Target Support Files/Pods-AddingParseSDKObjcTests/Pods-AddingParseSDKObjcTests-resources.sh\"\n";
			showEnvVarsInLog = 0;
		};
		E769FC5C0411388020F39B0F /* [CP] Embed Pods Frameworks */ = {
			isa = PBXShellScriptBuildPhase;
			buildActionMask = 2147483647;
			files = (
			);
			inputPaths = (
			);
			name = "[CP] Embed Pods Frameworks";
			outputPaths = (
			);
			runOnlyForDeploymentPostprocessing = 0;
			shellPath = /bin/sh;
			shellScript = "\"${SRCROOT}/Pods/Target Support Files/Pods-AddingParseSDKObjc/Pods-AddingParseSDKObjc-frameworks.sh\"\n";
			showEnvVarsInLog = 0;
		};
		EF4D94681ECCBC3ACF8BA301 /* [CP] Check Pods Manifest.lock */ = {
			isa = PBXShellScriptBuildPhase;
			buildActionMask = 2147483647;
			files = (
			);
			inputPaths = (
				"${PODS_PODFILE_DIR_PATH}/Podfile.lock",
				"${PODS_ROOT}/Manifest.lock",
			);
			name = "[CP] Check Pods Manifest.lock";
			outputPaths = (
				"$(DERIVED_FILE_DIR)/Pods-AddingParseSDKObjcTests-checkManifestLockResult.txt",
			);
			runOnlyForDeploymentPostprocessing = 0;
			shellPath = /bin/sh;
			shellScript = "diff \"${PODS_PODFILE_DIR_PATH}/Podfile.lock\" \"${PODS_ROOT}/Manifest.lock\" > /dev/null\nif [ $? != 0 ] ; then\n    # print error to STDERR\n    echo \"error: The sandbox is not in sync with the Podfile.lock. Run 'pod install' or update your CocoaPods installation.\" >&2\n    exit 1\nfi\n# This output is used by Xcode 'outputs' to avoid re-running this script phase.\necho \"SUCCESS\" > \"${SCRIPT_OUTPUT_FILE_0}\"\n";
			showEnvVarsInLog = 0;
		};
/* End PBXShellScriptBuildPhase section */

/* Begin PBXSourcesBuildPhase section */
		32C101371FF5F2A100D45A2B /* Sources */ = {
			isa = PBXSourcesBuildPhase;
			buildActionMask = 2147483647;
			files = (
				32C101431FF5F2A100D45A2B /* ViewController.m in Sources */,
				32C1014E1FF5F2A100D45A2B /* main.m in Sources */,
				32C101401FF5F2A100D45A2B /* AppDelegate.m in Sources */,
				32EE9F6720803CAD00D68950 /* LoggedInViewController.m in Sources */,
			);
			runOnlyForDeploymentPostprocessing = 0;
		};
		32C1014F1FF5F2A100D45A2B /* Sources */ = {
			isa = PBXSourcesBuildPhase;
			buildActionMask = 2147483647;
			files = (
				32C101581FF5F2A100D45A2B /* AddingParseSDKObjcTests.m in Sources */,
			);
			runOnlyForDeploymentPostprocessing = 0;
		};
		32C1015A1FF5F2A100D45A2B /* Sources */ = {
			isa = PBXSourcesBuildPhase;
			buildActionMask = 2147483647;
			files = (
				32C101631FF5F2A100D45A2B /* AddingParseSDKObjcUITests.m in Sources */,
			);
			runOnlyForDeploymentPostprocessing = 0;
		};
/* End PBXSourcesBuildPhase section */

/* Begin PBXTargetDependency section */
		32C101551FF5F2A100D45A2B /* PBXTargetDependency */ = {
			isa = PBXTargetDependency;
			target = 32C1013A1FF5F2A100D45A2B /* AddingParseSDKObjc */;
			targetProxy = 32C101541FF5F2A100D45A2B /* PBXContainerItemProxy */;
		};
		32C101601FF5F2A100D45A2B /* PBXTargetDependency */ = {
			isa = PBXTargetDependency;
			target = 32C1013A1FF5F2A100D45A2B /* AddingParseSDKObjc */;
			targetProxy = 32C1015F1FF5F2A100D45A2B /* PBXContainerItemProxy */;
		};
/* End PBXTargetDependency section */

/* Begin PBXVariantGroup section */
		32C101441FF5F2A100D45A2B /* Main.storyboard */ = {
			isa = PBXVariantGroup;
			children = (
				32C101451FF5F2A100D45A2B /* Base */,
			);
			name = Main.storyboard;
			sourceTree = "<group>";
		};
		32C101491FF5F2A100D45A2B /* LaunchScreen.storyboard */ = {
			isa = PBXVariantGroup;
			children = (
				32C1014A1FF5F2A100D45A2B /* Base */,
			);
			name = LaunchScreen.storyboard;
			sourceTree = "<group>";
		};
/* End PBXVariantGroup section */

/* Begin XCBuildConfiguration section */
		32C101651FF5F2A100D45A2B /* Debug */ = {
			isa = XCBuildConfiguration;
			buildSettings = {
				ALWAYS_SEARCH_USER_PATHS = NO;
				CLANG_ANALYZER_NONNULL = YES;
				CLANG_ANALYZER_NUMBER_OBJECT_CONVERSION = YES_AGGRESSIVE;
				CLANG_CXX_LANGUAGE_STANDARD = "gnu++14";
				CLANG_CXX_LIBRARY = "libc++";
				CLANG_ENABLE_MODULES = YES;
				CLANG_ENABLE_OBJC_ARC = YES;
				CLANG_WARN_BLOCK_CAPTURE_AUTORELEASING = YES;
				CLANG_WARN_BOOL_CONVERSION = YES;
				CLANG_WARN_COMMA = YES;
				CLANG_WARN_CONSTANT_CONVERSION = YES;
				CLANG_WARN_DEPRECATED_OBJC_IMPLEMENTATIONS = YES;
				CLANG_WARN_DIRECT_OBJC_ISA_USAGE = YES_ERROR;
				CLANG_WARN_DOCUMENTATION_COMMENTS = YES;
				CLANG_WARN_EMPTY_BODY = YES;
				CLANG_WARN_ENUM_CONVERSION = YES;
				CLANG_WARN_INFINITE_RECURSION = YES;
				CLANG_WARN_INT_CONVERSION = YES;
				CLANG_WARN_NON_LITERAL_NULL_CONVERSION = YES;
				CLANG_WARN_OBJC_IMPLICIT_RETAIN_SELF = YES;
				CLANG_WARN_OBJC_LITERAL_CONVERSION = YES;
				CLANG_WARN_OBJC_ROOT_CLASS = YES_ERROR;
				CLANG_WARN_RANGE_LOOP_ANALYSIS = YES;
				CLANG_WARN_STRICT_PROTOTYPES = YES;
				CLANG_WARN_SUSPICIOUS_MOVE = YES;
				CLANG_WARN_UNGUARDED_AVAILABILITY = YES_AGGRESSIVE;
				CLANG_WARN_UNREACHABLE_CODE = YES;
				CLANG_WARN__DUPLICATE_METHOD_MATCH = YES;
				CODE_SIGN_IDENTITY = "iPhone Developer";
				COPY_PHASE_STRIP = NO;
				DEBUG_INFORMATION_FORMAT = dwarf;
				ENABLE_STRICT_OBJC_MSGSEND = YES;
				ENABLE_TESTABILITY = YES;
				GCC_C_LANGUAGE_STANDARD = gnu11;
				GCC_DYNAMIC_NO_PIC = NO;
				GCC_NO_COMMON_BLOCKS = YES;
				GCC_OPTIMIZATION_LEVEL = 0;
				GCC_PREPROCESSOR_DEFINITIONS = (
					"DEBUG=1",
					"$(inherited)",
				);
				GCC_WARN_64_TO_32_BIT_CONVERSION = YES;
				GCC_WARN_ABOUT_RETURN_TYPE = YES_ERROR;
				GCC_WARN_UNDECLARED_SELECTOR = YES;
				GCC_WARN_UNINITIALIZED_AUTOS = YES_AGGRESSIVE;
				GCC_WARN_UNUSED_FUNCTION = YES;
				GCC_WARN_UNUSED_VARIABLE = YES;
				IPHONEOS_DEPLOYMENT_TARGET = 11.1;
				MTL_ENABLE_DEBUG_INFO = YES;
				ONLY_ACTIVE_ARCH = YES;
				SDKROOT = iphoneos;
			};
			name = Debug;
		};
		32C101661FF5F2A100D45A2B /* Release */ = {
			isa = XCBuildConfiguration;
			buildSettings = {
				ALWAYS_SEARCH_USER_PATHS = NO;
				CLANG_ANALYZER_NONNULL = YES;
				CLANG_ANALYZER_NUMBER_OBJECT_CONVERSION = YES_AGGRESSIVE;
				CLANG_CXX_LANGUAGE_STANDARD = "gnu++14";
				CLANG_CXX_LIBRARY = "libc++";
				CLANG_ENABLE_MODULES = YES;
				CLANG_ENABLE_OBJC_ARC = YES;
				CLANG_WARN_BLOCK_CAPTURE_AUTORELEASING = YES;
				CLANG_WARN_BOOL_CONVERSION = YES;
				CLANG_WARN_COMMA = YES;
				CLANG_WARN_CONSTANT_CONVERSION = YES;
				CLANG_WARN_DEPRECATED_OBJC_IMPLEMENTATIONS = YES;
				CLANG_WARN_DIRECT_OBJC_ISA_USAGE = YES_ERROR;
				CLANG_WARN_DOCUMENTATION_COMMENTS = YES;
				CLANG_WARN_EMPTY_BODY = YES;
				CLANG_WARN_ENUM_CONVERSION = YES;
				CLANG_WARN_INFINITE_RECURSION = YES;
				CLANG_WARN_INT_CONVERSION = YES;
				CLANG_WARN_NON_LITERAL_NULL_CONVERSION = YES;
				CLANG_WARN_OBJC_IMPLICIT_RETAIN_SELF = YES;
				CLANG_WARN_OBJC_LITERAL_CONVERSION = YES;
				CLANG_WARN_OBJC_ROOT_CLASS = YES_ERROR;
				CLANG_WARN_RANGE_LOOP_ANALYSIS = YES;
				CLANG_WARN_STRICT_PROTOTYPES = YES;
				CLANG_WARN_SUSPICIOUS_MOVE = YES;
				CLANG_WARN_UNGUARDED_AVAILABILITY = YES_AGGRESSIVE;
				CLANG_WARN_UNREACHABLE_CODE = YES;
				CLANG_WARN__DUPLICATE_METHOD_MATCH = YES;
				CODE_SIGN_IDENTITY = "iPhone Developer";
				COPY_PHASE_STRIP = NO;
				DEBUG_INFORMATION_FORMAT = "dwarf-with-dsym";
				ENABLE_NS_ASSERTIONS = NO;
				ENABLE_STRICT_OBJC_MSGSEND = YES;
				GCC_C_LANGUAGE_STANDARD = gnu11;
				GCC_NO_COMMON_BLOCKS = YES;
				GCC_WARN_64_TO_32_BIT_CONVERSION = YES;
				GCC_WARN_ABOUT_RETURN_TYPE = YES_ERROR;
				GCC_WARN_UNDECLARED_SELECTOR = YES;
				GCC_WARN_UNINITIALIZED_AUTOS = YES_AGGRESSIVE;
				GCC_WARN_UNUSED_FUNCTION = YES;
				GCC_WARN_UNUSED_VARIABLE = YES;
				IPHONEOS_DEPLOYMENT_TARGET = 11.1;
				MTL_ENABLE_DEBUG_INFO = NO;
				SDKROOT = iphoneos;
				VALIDATE_PRODUCT = YES;
			};
			name = Release;
		};
		32C101681FF5F2A100D45A2B /* Debug */ = {
			isa = XCBuildConfiguration;
			baseConfigurationReference = D7C3C2F5C7EF048207120807 /* Pods-AddingParseSDKObjc.debug.xcconfig */;
			buildSettings = {
				ASSETCATALOG_COMPILER_APPICON_NAME = AppIcon;
				CODE_SIGN_ENTITLEMENTS = AddingParseSDKObjc/AddingParseSDKObjc.entitlements;
				CODE_SIGN_STYLE = Automatic;
				DEVELOPMENT_TEAM = 6YE8HKHMPN;
				INFOPLIST_FILE = AddingParseSDKObjc/Info.plist;
				LD_RUNPATH_SEARCH_PATHS = "$(inherited) @executable_path/Frameworks";
				PRODUCT_BUNDLE_IDENTIFIER = com.back4app.AddingParseSDK;
				PRODUCT_NAME = "$(TARGET_NAME)";
				TARGETED_DEVICE_FAMILY = "1,2";
			};
			name = Debug;
		};
		32C101691FF5F2A100D45A2B /* Release */ = {
			isa = XCBuildConfiguration;
			baseConfigurationReference = 219C1534E665D0F84A7B6615 /* Pods-AddingParseSDKObjc.release.xcconfig */;
			buildSettings = {
				ASSETCATALOG_COMPILER_APPICON_NAME = AppIcon;
				CODE_SIGN_ENTITLEMENTS = AddingParseSDKObjc/AddingParseSDKObjc.entitlements;
				CODE_SIGN_STYLE = Automatic;
				DEVELOPMENT_TEAM = 6YE8HKHMPN;
				INFOPLIST_FILE = AddingParseSDKObjc/Info.plist;
				LD_RUNPATH_SEARCH_PATHS = "$(inherited) @executable_path/Frameworks";
				PRODUCT_BUNDLE_IDENTIFIER = com.back4app.AddingParseSDK;
				PRODUCT_NAME = "$(TARGET_NAME)";
				TARGETED_DEVICE_FAMILY = "1,2";
			};
			name = Release;
		};
		32C1016B1FF5F2A100D45A2B /* Debug */ = {
			isa = XCBuildConfiguration;
			baseConfigurationReference = E705DCC22B8EA7E90DAA9B57 /* Pods-AddingParseSDKObjcTests.debug.xcconfig */;
			buildSettings = {
				BUNDLE_LOADER = "$(TEST_HOST)";
				CODE_SIGN_STYLE = Automatic;
				DEVELOPMENT_TEAM = 6YE8HKHMPN;
				INFOPLIST_FILE = AddingParseSDKObjcTests/Info.plist;
				LD_RUNPATH_SEARCH_PATHS = "$(inherited) @executable_path/Frameworks @loader_path/Frameworks";
				PRODUCT_BUNDLE_IDENTIFIER = com.back4app.AddingParseSDKObjcTests;
				PRODUCT_NAME = "$(TARGET_NAME)";
				TARGETED_DEVICE_FAMILY = "1,2";
				TEST_HOST = "$(BUILT_PRODUCTS_DIR)/AddingParseSDKObjc.app/AddingParseSDKObjc";
			};
			name = Debug;
		};
		32C1016C1FF5F2A100D45A2B /* Release */ = {
			isa = XCBuildConfiguration;
			baseConfigurationReference = 2D003A8D44A4C3CE104B6C37 /* Pods-AddingParseSDKObjcTests.release.xcconfig */;
			buildSettings = {
				BUNDLE_LOADER = "$(TEST_HOST)";
				CODE_SIGN_STYLE = Automatic;
				DEVELOPMENT_TEAM = 6YE8HKHMPN;
				INFOPLIST_FILE = AddingParseSDKObjcTests/Info.plist;
				LD_RUNPATH_SEARCH_PATHS = "$(inherited) @executable_path/Frameworks @loader_path/Frameworks";
				PRODUCT_BUNDLE_IDENTIFIER = com.back4app.AddingParseSDKObjcTests;
				PRODUCT_NAME = "$(TARGET_NAME)";
				TARGETED_DEVICE_FAMILY = "1,2";
				TEST_HOST = "$(BUILT_PRODUCTS_DIR)/AddingParseSDKObjc.app/AddingParseSDKObjc";
			};
			name = Release;
		};
		32C1016E1FF5F2A100D45A2B /* Debug */ = {
			isa = XCBuildConfiguration;
			baseConfigurationReference = E057B60DFECABD6717C08B68 /* Pods-AddingParseSDKObjcUITests.debug.xcconfig */;
			buildSettings = {
				CODE_SIGN_STYLE = Automatic;
				DEVELOPMENT_TEAM = 6YE8HKHMPN;
				INFOPLIST_FILE = AddingParseSDKObjcUITests/Info.plist;
				LD_RUNPATH_SEARCH_PATHS = "$(inherited) @executable_path/Frameworks @loader_path/Frameworks";
				PRODUCT_BUNDLE_IDENTIFIER = com.back4app.AddingParseSDKObjcUITests;
				PRODUCT_NAME = "$(TARGET_NAME)";
				TARGETED_DEVICE_FAMILY = "1,2";
				TEST_TARGET_NAME = AddingParseSDKObjc;
			};
			name = Debug;
		};
		32C1016F1FF5F2A100D45A2B /* Release */ = {
			isa = XCBuildConfiguration;
			baseConfigurationReference = 21EA986E28CA4AF2AAE68DB3 /* Pods-AddingParseSDKObjcUITests.release.xcconfig */;
			buildSettings = {
				CODE_SIGN_STYLE = Automatic;
				DEVELOPMENT_TEAM = 6YE8HKHMPN;
				INFOPLIST_FILE = AddingParseSDKObjcUITests/Info.plist;
				LD_RUNPATH_SEARCH_PATHS = "$(inherited) @executable_path/Frameworks @loader_path/Frameworks";
				PRODUCT_BUNDLE_IDENTIFIER = com.back4app.AddingParseSDKObjcUITests;
				PRODUCT_NAME = "$(TARGET_NAME)";
				TARGETED_DEVICE_FAMILY = "1,2";
				TEST_TARGET_NAME = AddingParseSDKObjc;
			};
			name = Release;
		};
/* End XCBuildConfiguration section */

/* Begin XCConfigurationList section */
		32C101361FF5F2A100D45A2B /* Build configuration list for PBXProject "AddingParseSDKObjc" */ = {
			isa = XCConfigurationList;
			buildConfigurations = (
				32C101651FF5F2A100D45A2B /* Debug */,
				32C101661FF5F2A100D45A2B /* Release */,
			);
			defaultConfigurationIsVisible = 0;
			defaultConfigurationName = Release;
		};
		32C101671FF5F2A100D45A2B /* Build configuration list for PBXNativeTarget "AddingParseSDKObjc" */ = {
			isa = XCConfigurationList;
			buildConfigurations = (
				32C101681FF5F2A100D45A2B /* Debug */,
				32C101691FF5F2A100D45A2B /* Release */,
			);
			defaultConfigurationIsVisible = 0;
			defaultConfigurationName = Release;
		};
		32C1016A1FF5F2A100D45A2B /* Build configuration list for PBXNativeTarget "AddingParseSDKObjcTests" */ = {
			isa = XCConfigurationList;
			buildConfigurations = (
				32C1016B1FF5F2A100D45A2B /* Debug */,
				32C1016C1FF5F2A100D45A2B /* Release */,
			);
			defaultConfigurationIsVisible = 0;
			defaultConfigurationName = Release;
		};
		32C1016D1FF5F2A100D45A2B /* Build configuration list for PBXNativeTarget "AddingParseSDKObjcUITests" */ = {
			isa = XCConfigurationList;
			buildConfigurations = (
				32C1016E1FF5F2A100D45A2B /* Debug */,
				32C1016F1FF5F2A100D45A2B /* Release */,
			);
			defaultConfigurationIsVisible = 0;
			defaultConfigurationName = Release;
		};
/* End XCConfigurationList section */
	};
	rootObject = 32C101331FF5F2A100D45A2B /* Project object */;
}
